
Microsoft Visual Studio Solution File, Format Version 12.00
# Visual Studio Version 17
VisualStudioVersion = 17.14.36518.9
MinimumVisualStudioVersion = 10.0.40219.1
Project("{FAE04EC0-301F-11D3-BF4B-00C04F79EFBC}") = "Method Crypter", "Method Crypter.csproj", "{FA8921EE-9FF0-4186-B731-8090CCB22F1F}"
EndProject
Project("{FAE04EC0-301F-11D3-BF4B-00C04F79EFBC}") = "Crypted Demo", "..\Crypted Demo\Crypted Demo.csproj", "{99DA0BCA-629E-4B8D-9397-08EF3DC0DBD1}"
EndProject
Project("{FAE04EC0-301F-11D3-BF4B-00C04F79EFBC}") = "Server", "..\Server\Server.csproj", "{07661281-18BB-41AF-8796-F3ABB6FAE0BB}"
EndProject
Global
	GlobalSection(SolutionConfigurationPlatforms) = preSolution
		Debug|Any CPU = Debug|Any CPU
		Release|Any CPU = Release|Any CPU
	EndGlobalSection
	GlobalSection(ProjectConfigurationPlatforms) = postSolution
		{FA8921EE-9FF0-4186-B731-8090CCB22F1F}.Debug|Any CPU.ActiveCfg = Release|Any CPU
		{FA8921EE-9FF0-4186-B731-8090CCB22F1F}.Debug|Any CPU.Build.0 = Release|Any CPU
		{FA8921EE-9FF0-4186-B731-8090CCB22F1F}.Release|Any CPU.ActiveCfg = Release|Any CPU
		{FA8921EE-9FF0-4186-B731-8090CCB22F1F}.Release|Any CPU.Build.0 = Release|Any CPU
		{99DA0BCA-629E-4B8D-9397-08EF3DC0DBD1}.Debug|Any CPU.ActiveCfg = Release|Any CPU
		{99DA0BCA-629E-4B8D-9397-08EF3DC0DBD1}.Debug|Any CPU.Build.0 = Release|Any CPU
		{99DA0BCA-629E-4B8D-9397-08EF3DC0DBD1}.Release|Any CPU.ActiveCfg = Release|Any CPU
		{99DA0BCA-629E-4B8D-9397-08EF3DC0DBD1}.Release|Any CPU.Build.0 = Release|Any CPU
		{07661281-18BB-41AF-8796-F3ABB6FAE0BB}.Debug|Any CPU.ActiveCfg = Release|Any CPU
		{07661281-18BB-41AF-8796-F3ABB6FAE0BB}.Debug|Any CPU.Build.0 = Release|Any CPU
		{07661281-18BB-41AF-8796-F3ABB6FAE0BB}.Release|Any CPU.ActiveCfg = Release|Any CPU
		{07661281-18BB-41AF-8796-F3ABB6FAE0BB}.Release|Any CPU.Build.0 = Release|Any CPU
	EndGlobalSection
	GlobalSection(SolutionProperties) = preSolution
		HideSolutionNode = FALSE
	EndGlobalSection
	GlobalSection(ExtensibilityGlobals) = postSolution
		SolutionGuid = {E266BFE2-6711-4629-8B83-A040F9A58477}
	EndGlobalSection
EndGlobal
